// !$*UTF8*$!
{
	archiveVersion = 1;
	classes = {
	};
	objectVersion = 50;
	objects = {

/* Begin PBXBuildFile section */
		0A0328A020FEC80700BE625F /* XHBadgeView.swift in Sources */ = {isa = PBXBuildFile; fileRef = 0A03289F20FEC80700BE625F /* XHBadgeView.swift */; };
		0A0328A220FF0ADE00BE625F /* XHChatViewController.swift in Sources */ = {isa = PBXBuildFile; fileRef = 0A0328A120FF0ADE00BE625F /* XHChatViewController.swift */; };
		0A0328A620FF1E3300BE625F /* XHChatBar.swift in Sources */ = {isa = PBXBuildFile; fileRef = 0A0328A520FF1E3300BE625F /* XHChatBar.swift */; };
		0A04CC3D20F5AE6B00C25145 /* Assets.xcassets in Resources */ = {isa = PBXBuildFile; fileRef = 0A04CC3C20F5AE6B00C25145 /* Assets.xcassets */; };
		0A04CC3F20F5B11100C25145 /* XHRootViewController.swift in Sources */ = {isa = PBXBuildFile; fileRef = 0A04CC3E20F5B11100C25145 /* XHRootViewController.swift */; };
		0A04CC4220F5E0FC00C25145 /* XHConfig.swift in Sources */ = {isa = PBXBuildFile; fileRef = 0A04CC4120F5E0FC00C25145 /* XHConfig.swift */; };
		0A04CC4520F5E5BD00C25145 /* XHDatabase.swift in Sources */ = {isa = PBXBuildFile; fileRef = 0A04CC4420F5E5BD00C25145 /* XHDatabase.swift */; };
		0A04CC4720F5FFA500C25145 /* XHNavigationController.swift in Sources */ = {isa = PBXBuildFile; fileRef = 0A04CC4620F5FFA500C25145 /* XHNavigationController.swift */; };
		0A05487520FC6A5D00EE80AF /* XHMainframeController.swift in Sources */ = {isa = PBXBuildFile; fileRef = 0A05487420FC6A5D00EE80AF /* XHMainframeController.swift */; };
		0A05487720FC6A7B00EE80AF /* XHContactsController.swift in Sources */ = {isa = PBXBuildFile; fileRef = 0A05487620FC6A7B00EE80AF /* XHContactsController.swift */; };
		0A05487920FC6A8C00EE80AF /* XHDiscoverController.swift in Sources */ = {isa = PBXBuildFile; fileRef = 0A05487820FC6A8C00EE80AF /* XHDiscoverController.swift */; };
		0A05487B20FC6A9600EE80AF /* XHMeController.swift in Sources */ = {isa = PBXBuildFile; fileRef = 0A05487A20FC6A9600EE80AF /* XHMeController.swift */; };
		0A0562AE20F452B800FA1531 /* XHLoginViewController.swift in Sources */ = {isa = PBXBuildFile; fileRef = 0A0562AD20F452B800FA1531 /* XHLoginViewController.swift */; };
		0A0562B220F45C4300FA1531 /* RSA.swift in Sources */ = {isa = PBXBuildFile; fileRef = 0A0562B120F45C4300FA1531 /* RSA.swift */; };
		0A0611DE20FD848200F856F2 /* Localizable.strings in Resources */ = {isa = PBXBuildFile; fileRef = 0A0611E020FD848200F856F2 /* Localizable.strings */; };
		0A0611E220FDAD7300F856F2 /* XHCommunication.swift in Sources */ = {isa = PBXBuildFile; fileRef = 0A0611E120FDAD7300F856F2 /* XHCommunication.swift */; };
		0A0611E420FDB86900F856F2 /* XHUser.swift in Sources */ = {isa = PBXBuildFile; fileRef = 0A0611E320FDB86900F856F2 /* XHUser.swift */; };
		0A0611E620FDB89800F856F2 /* XHMessage.swift in Sources */ = {isa = PBXBuildFile; fileRef = 0A0611E520FDB89800F856F2 /* XHMessage.swift */; };
		0A0611E820FDC98400F856F2 /* Date+Adjust.swift in Sources */ = {isa = PBXBuildFile; fileRef = 0A0611E720FDC98400F856F2 /* Date+Adjust.swift */; };
		0A0611EA20FDD4D500F856F2 /* XHMessageCollection.swift in Sources */ = {isa = PBXBuildFile; fileRef = 0A0611E920FDD4D500F856F2 /* XHMessageCollection.swift */; };
		0A0611ED20FDE29D00F856F2 /* HealthKit.framework in Frameworks */ = {isa = PBXBuildFile; fileRef = 0A0611EC20FDE29D00F856F2 /* HealthKit.framework */; };
		0A09E91B2101DB4E000CD2DC /* XHKeyboardObserver.swift in Sources */ = {isa = PBXBuildFile; fileRef = 0A09E91A2101DB4E000CD2DC /* XHKeyboardObserver.swift */; };
		0A1405CE20F2F515009A6874 /* AppDelegate.swift in Sources */ = {isa = PBXBuildFile; fileRef = 0A1405CD20F2F515009A6874 /* AppDelegate.swift */; };
		0A1405E120F2F73A009A6874 /* XHWindow.swift in Sources */ = {isa = PBXBuildFile; fileRef = 0A1405E020F2F73A009A6874 /* XHWindow.swift */; };
		0A1405E420F2FD27009A6874 /* XHTabBarController.swift in Sources */ = {isa = PBXBuildFile; fileRef = 0A1405E320F2FD27009A6874 /* XHTabBarController.swift */; };
		0A1405E920F30401009A6874 /* UIColor+Hex.swift in Sources */ = {isa = PBXBuildFile; fileRef = 0A1405E820F30401009A6874 /* UIColor+Hex.swift */; };
		0A23647621081C4200FF69F7 /* XHChatBarKeyboard.swift in Sources */ = {isa = PBXBuildFile; fileRef = 0A23647521081C4200FF69F7 /* XHChatBarKeyboard.swift */; };
		0A23647821084A7E00FF69F7 /* XHAudioManager.swift in Sources */ = {isa = PBXBuildFile; fileRef = 0A23647721084A7E00FF69F7 /* XHAudioManager.swift */; };
		0A28E3B62109AE900063B5DB /* XHRecordStateView.swift in Sources */ = {isa = PBXBuildFile; fileRef = 0A28E3B52109AE900063B5DB /* XHRecordStateView.swift */; };
		0A296757210D560D00F28069 /* XHMessageHeader.swift in Sources */ = {isa = PBXBuildFile; fileRef = 0A296756210D560D00F28069 /* XHMessageHeader.swift */; };
		0A296759210DE9F100F28069 /* UIResponder+UIMenuController.swift in Sources */ = {isa = PBXBuildFile; fileRef = 0A296758210DE9F100F28069 /* UIResponder+UIMenuController.swift */; };
		0A382C85210EE65A00E748E5 /* XHMessageTranspondable.swift in Sources */ = {isa = PBXBuildFile; fileRef = 0A382C84210EE65A00E748E5 /* XHMessageTranspondable.swift */; };
		0A382C87210EE7EC00E748E5 /* XHFriendSelectController.swift in Sources */ = {isa = PBXBuildFile; fileRef = 0A382C86210EE7EC00E748E5 /* XHFriendSelectController.swift */; };
		0A382C8B210EFD5900E748E5 /* String+RegularExpression.swift in Sources */ = {isa = PBXBuildFile; fileRef = 0A382C8A210EFD5900E748E5 /* String+RegularExpression.swift */; };
		0A382C91210F0B0C00E748E5 /* XHPlistManager.swift in Sources */ = {isa = PBXBuildFile; fileRef = 0A382C90210F0B0C00E748E5 /* XHPlistManager.swift */; };
		0A382C93210F13BD00E748E5 /* Emotions.plist in Resources */ = {isa = PBXBuildFile; fileRef = 0A382C92210F13BD00E748E5 /* Emotions.plist */; };
		0A9588282143F738002087D6 /* XHZoomableImageView.swift in Sources */ = {isa = PBXBuildFile; fileRef = 0A9588272143F738002087D6 /* XHZoomableImageView.swift */; };
		0A9B282A210C968700FA638A /* XHMessageCell.swift in Sources */ = {isa = PBXBuildFile; fileRef = 0A9B2829210C968700FA638A /* XHMessageCell.swift */; };
		0A9B282C210CB99000FA638A /* UITableView+Update.swift in Sources */ = {isa = PBXBuildFile; fileRef = 0A9B282B210CB99000FA638A /* UITableView+Update.swift */; };
		0AADEB9020F6FB4F00E96757 /* XHAreaViewController.swift in Sources */ = {isa = PBXBuildFile; fileRef = 0AADEB8F20F6FB4F00E96757 /* XHAreaViewController.swift */; };
		0AADEB9220F73CBE00E96757 /* UIImage+Color.swift in Sources */ = {isa = PBXBuildFile; fileRef = 0AADEB9120F73CBE00E96757 /* UIImage+Color.swift */; };
		0AC6E5CB21426BB000B967E6 /* XHImagePickerController.swift in Sources */ = {isa = PBXBuildFile; fileRef = 0AC6E5CA21426BB000B967E6 /* XHImagePickerController.swift */; };
		0ADE55D72126507A0030FA7F /* XHLabel.swift in Sources */ = {isa = PBXBuildFile; fileRef = 0ADE55D62126507A0030FA7F /* XHLabel.swift */; };
		0AF0355B214609A100BE0255 /* XHImageEditController.swift in Sources */ = {isa = PBXBuildFile; fileRef = 0AF0355A214609A100BE0255 /* XHImageEditController.swift */; };
		0AF0355D2146117400BE0255 /* XHNavigationBar.swift in Sources */ = {isa = PBXBuildFile; fileRef = 0AF0355C2146117400BE0255 /* XHNavigationBar.swift */; };
		B0ABBD603D24BCA437B462C7 /* Pods_WeChat.framework in Frameworks */ = {isa = PBXBuildFile; fileRef = EBA685CC0C732FD9D5AC8BB0 /* Pods_WeChat.framework */; };
/* End PBXBuildFile section */

/* Begin PBXFileReference section */
		0A03289F20FEC80700BE625F /* XHBadgeView.swift */ = {isa = PBXFileReference; lastKnownFileType = sourcecode.swift; path = XHBadgeView.swift; sourceTree = "<group>"; };
		0A0328A120FF0ADE00BE625F /* XHChatViewController.swift */ = {isa = PBXFileReference; lastKnownFileType = sourcecode.swift; path = XHChatViewController.swift; sourceTree = "<group>"; };
		0A0328A520FF1E3300BE625F /* XHChatBar.swift */ = {isa = PBXFileReference; lastKnownFileType = sourcecode.swift; path = XHChatBar.swift; sourceTree = "<group>"; };
		0A04CC3C20F5AE6B00C25145 /* Assets.xcassets */ = {isa = PBXFileReference; lastKnownFileType = folder.assetcatalog; path = Assets.xcassets; sourceTree = "<group>"; };
		0A04CC3E20F5B11100C25145 /* XHRootViewController.swift */ = {isa = PBXFileReference; lastKnownFileType = sourcecode.swift; path = XHRootViewController.swift; sourceTree = "<group>"; };
		0A04CC4120F5E0FC00C25145 /* XHConfig.swift */ = {isa = PBXFileReference; lastKnownFileType = sourcecode.swift; path = XHConfig.swift; sourceTree = "<group>"; };
		0A04CC4420F5E5BD00C25145 /* XHDatabase.swift */ = {isa = PBXFileReference; lastKnownFileType = sourcecode.swift; path = XHDatabase.swift; sourceTree = "<group>"; };
		0A04CC4620F5FFA500C25145 /* XHNavigationController.swift */ = {isa = PBXFileReference; lastKnownFileType = sourcecode.swift; path = XHNavigationController.swift; sourceTree = "<group>"; };
		0A05487420FC6A5D00EE80AF /* XHMainframeController.swift */ = {isa = PBXFileReference; lastKnownFileType = sourcecode.swift; path = XHMainframeController.swift; sourceTree = "<group>"; };
		0A05487620FC6A7B00EE80AF /* XHContactsController.swift */ = {isa = PBXFileReference; lastKnownFileType = sourcecode.swift; path = XHContactsController.swift; sourceTree = "<group>"; };
		0A05487820FC6A8C00EE80AF /* XHDiscoverController.swift */ = {isa = PBXFileReference; lastKnownFileType = sourcecode.swift; path = XHDiscoverController.swift; sourceTree = "<group>"; };
		0A05487A20FC6A9600EE80AF /* XHMeController.swift */ = {isa = PBXFileReference; lastKnownFileType = sourcecode.swift; path = XHMeController.swift; sourceTree = "<group>"; };
		0A0562AD20F452B800FA1531 /* XHLoginViewController.swift */ = {isa = PBXFileReference; lastKnownFileType = sourcecode.swift; path = XHLoginViewController.swift; sourceTree = "<group>"; };
		0A0562B120F45C4300FA1531 /* RSA.swift */ = {isa = PBXFileReference; lastKnownFileType = sourcecode.swift; path = RSA.swift; sourceTree = "<group>"; };
		0A0611DF20FD848200F856F2 /* zh-Hans */ = {isa = PBXFileReference; lastKnownFileType = text.plist.strings; name = "zh-Hans"; path = "zh-Hans.lproj/Localizable.strings"; sourceTree = "<group>"; };
		0A0611E120FDAD7300F856F2 /* XHCommunication.swift */ = {isa = PBXFileReference; lastKnownFileType = sourcecode.swift; path = XHCommunication.swift; sourceTree = "<group>"; };
		0A0611E320FDB86900F856F2 /* XHUser.swift */ = {isa = PBXFileReference; lastKnownFileType = sourcecode.swift; path = XHUser.swift; sourceTree = "<group>"; };
		0A0611E520FDB89800F856F2 /* XHMessage.swift */ = {isa = PBXFileReference; lastKnownFileType = sourcecode.swift; path = XHMessage.swift; sourceTree = "<group>"; };
		0A0611E720FDC98400F856F2 /* Date+Adjust.swift */ = {isa = PBXFileReference; lastKnownFileType = sourcecode.swift; path = "Date+Adjust.swift"; sourceTree = "<group>"; };
		0A0611E920FDD4D500F856F2 /* XHMessageCollection.swift */ = {isa = PBXFileReference; lastKnownFileType = sourcecode.swift; path = XHMessageCollection.swift; sourceTree = "<group>"; };
		0A0611EB20FDE29D00F856F2 /* WeChat.entitlements */ = {isa = PBXFileReference; lastKnownFileType = text.plist.entitlements; path = WeChat.entitlements; sourceTree = "<group>"; };
		0A0611EC20FDE29D00F856F2 /* HealthKit.framework */ = {isa = PBXFileReference; lastKnownFileType = wrapper.framework; name = HealthKit.framework; path = System/Library/Frameworks/HealthKit.framework; sourceTree = SDKROOT; };
		0A09E91A2101DB4E000CD2DC /* XHKeyboardObserver.swift */ = {isa = PBXFileReference; lastKnownFileType = sourcecode.swift; path = XHKeyboardObserver.swift; sourceTree = "<group>"; };
		0A1405CA20F2F515009A6874 /* WeChat.app */ = {isa = PBXFileReference; explicitFileType = wrapper.application; includeInIndex = 0; path = WeChat.app; sourceTree = BUILT_PRODUCTS_DIR; };
		0A1405CD20F2F515009A6874 /* AppDelegate.swift */ = {isa = PBXFileReference; lastKnownFileType = sourcecode.swift; path = AppDelegate.swift; sourceTree = "<group>"; };
		0A1405D920F2F516009A6874 /* Info.plist */ = {isa = PBXFileReference; lastKnownFileType = text.plist.xml; path = Info.plist; sourceTree = "<group>"; };
		0A1405E020F2F73A009A6874 /* XHWindow.swift */ = {isa = PBXFileReference; lastKnownFileType = sourcecode.swift; path = XHWindow.swift; sourceTree = "<group>"; };
		0A1405E320F2FD27009A6874 /* XHTabBarController.swift */ = {isa = PBXFileReference; lastKnownFileType = sourcecode.swift; path = XHTabBarController.swift; sourceTree = "<group>"; };
		0A1405E820F30401009A6874 /* UIColor+Hex.swift */ = {isa = PBXFileReference; lastKnownFileType = sourcecode.swift; path = "UIColor+Hex.swift"; sourceTree = "<group>"; };
		0A23647521081C4200FF69F7 /* XHChatBarKeyboard.swift */ = {isa = PBXFileReference; lastKnownFileType = sourcecode.swift; path = XHChatBarKeyboard.swift; sourceTree = "<group>"; };
		0A23647721084A7E00FF69F7 /* XHAudioManager.swift */ = {isa = PBXFileReference; lastKnownFileType = sourcecode.swift; path = XHAudioManager.swift; sourceTree = "<group>"; };
		0A28E3B52109AE900063B5DB /* XHRecordStateView.swift */ = {isa = PBXFileReference; lastKnownFileType = sourcecode.swift; path = XHRecordStateView.swift; sourceTree = "<group>"; };
		0A296756210D560D00F28069 /* XHMessageHeader.swift */ = {isa = PBXFileReference; lastKnownFileType = sourcecode.swift; path = XHMessageHeader.swift; sourceTree = "<group>"; };
		0A296758210DE9F100F28069 /* UIResponder+UIMenuController.swift */ = {isa = PBXFileReference; lastKnownFileType = sourcecode.swift; path = "UIResponder+UIMenuController.swift"; sourceTree = "<group>"; };
		0A382C84210EE65A00E748E5 /* XHMessageTranspondable.swift */ = {isa = PBXFileReference; lastKnownFileType = sourcecode.swift; path = XHMessageTranspondable.swift; sourceTree = "<group>"; };
		0A382C86210EE7EC00E748E5 /* XHFriendSelectController.swift */ = {isa = PBXFileReference; lastKnownFileType = sourcecode.swift; path = XHFriendSelectController.swift; sourceTree = "<group>"; };
		0A382C8A210EFD5900E748E5 /* String+RegularExpression.swift */ = {isa = PBXFileReference; lastKnownFileType = sourcecode.swift; path = "String+RegularExpression.swift"; sourceTree = "<group>"; };
		0A382C90210F0B0C00E748E5 /* XHPlistManager.swift */ = {isa = PBXFileReference; lastKnownFileType = sourcecode.swift; path = XHPlistManager.swift; sourceTree = "<group>"; };
		0A382C92210F13BD00E748E5 /* Emotions.plist */ = {isa = PBXFileReference; fileEncoding = 4; lastKnownFileType = text.plist.xml; path = Emotions.plist; sourceTree = "<group>"; };
		0A9588272143F738002087D6 /* XHZoomableImageView.swift */ = {isa = PBXFileReference; lastKnownFileType = sourcecode.swift; path = XHZoomableImageView.swift; sourceTree = "<group>"; };
		0A9B2829210C968700FA638A /* XHMessageCell.swift */ = {isa = PBXFileReference; lastKnownFileType = sourcecode.swift; path = XHMessageCell.swift; sourceTree = "<group>"; };
		0A9B282B210CB99000FA638A /* UITableView+Update.swift */ = {isa = PBXFileReference; lastKnownFileType = sourcecode.swift; path = "UITableView+Update.swift"; sourceTree = "<group>"; };
		0AADEB8F20F6FB4F00E96757 /* XHAreaViewController.swift */ = {isa = PBXFileReference; lastKnownFileType = sourcecode.swift; path = XHAreaViewController.swift; sourceTree = "<group>"; };
		0AADEB9120F73CBE00E96757 /* UIImage+Color.swift */ = {isa = PBXFileReference; lastKnownFileType = sourcecode.swift; path = "UIImage+Color.swift"; sourceTree = "<group>"; };
		0AC6E5CA21426BB000B967E6 /* XHImagePickerController.swift */ = {isa = PBXFileReference; lastKnownFileType = sourcecode.swift; path = XHImagePickerController.swift; sourceTree = "<group>"; };
		0ADE55D62126507A0030FA7F /* XHLabel.swift */ = {isa = PBXFileReference; fileEncoding = 4; lastKnownFileType = sourcecode.swift; path = XHLabel.swift; sourceTree = "<group>"; };
		0AF0355A214609A100BE0255 /* XHImageEditController.swift */ = {isa = PBXFileReference; lastKnownFileType = sourcecode.swift; path = XHImageEditController.swift; sourceTree = "<group>"; };
		0AF0355C2146117400BE0255 /* XHNavigationBar.swift */ = {isa = PBXFileReference; lastKnownFileType = sourcecode.swift; path = XHNavigationBar.swift; sourceTree = "<group>"; };
		53BCCA3007630655F005EA2E /* Pods-WeChat.release.xcconfig */ = {isa = PBXFileReference; includeInIndex = 1; lastKnownFileType = text.xcconfig; name = "Pods-WeChat.release.xcconfig"; path = "Pods/Target Support Files/Pods-WeChat/Pods-WeChat.release.xcconfig"; sourceTree = "<group>"; };
		B82088520B7EEB4D69F4D296 /* Pods-WeChat.debug.xcconfig */ = {isa = PBXFileReference; includeInIndex = 1; lastKnownFileType = text.xcconfig; name = "Pods-WeChat.debug.xcconfig"; path = "Pods/Target Support Files/Pods-WeChat/Pods-WeChat.debug.xcconfig"; sourceTree = "<group>"; };
		EBA685CC0C732FD9D5AC8BB0 /* Pods_WeChat.framework */ = {isa = PBXFileReference; explicitFileType = wrapper.framework; includeInIndex = 0; path = Pods_WeChat.framework; sourceTree = BUILT_PRODUCTS_DIR; };
/* End PBXFileReference section */

/* Begin PBXFrameworksBuildPhase section */
		0A1405C720F2F515009A6874 /* Frameworks */ = {
			isa = PBXFrameworksBuildPhase;
			buildActionMask = 2147483647;
			files = (
				B0ABBD603D24BCA437B462C7 /* Pods_WeChat.framework in Frameworks */,
				0A0611ED20FDE29D00F856F2 /* HealthKit.framework in Frameworks */,
			);
			runOnlyForDeploymentPostprocessing = 0;
		};
/* End PBXFrameworksBuildPhase section */

/* Begin PBXGroup section */
		0A04CC4020F5E0AA00C25145 /* XHConfig */ = {
			isa = PBXGroup;
			children = (
				0A04CC4120F5E0FC00C25145 /* XHConfig.swift */,
			);
			path = XHConfig;
			sourceTree = "<group>";
		};
		0A04CC4320F5E59200C25145 /* Database */ = {
			isa = PBXGroup;
			children = (
				0A04CC4420F5E5BD00C25145 /* XHDatabase.swift */,
			);
			path = Database;
			sourceTree = "<group>";
		};
		0A05487020FC69EE00EE80AF /* Mainframe */ = {
			isa = PBXGroup;
			children = (
				0A05487420FC6A5D00EE80AF /* XHMainframeController.swift */,
				0A0611E920FDD4D500F856F2 /* XHMessageCollection.swift */,
				0A0611E120FDAD7300F856F2 /* XHCommunication.swift */,
				0A0611E520FDB89800F856F2 /* XHMessage.swift */,
				0A03289F20FEC80700BE625F /* XHBadgeView.swift */,
				0A0328A120FF0ADE00BE625F /* XHChatViewController.swift */,
				0A09E91A2101DB4E000CD2DC /* XHKeyboardObserver.swift */,
				0A0328A520FF1E3300BE625F /* XHChatBar.swift */,
				0A23647521081C4200FF69F7 /* XHChatBarKeyboard.swift */,
				0A23647721084A7E00FF69F7 /* XHAudioManager.swift */,
				0A28E3B52109AE900063B5DB /* XHRecordStateView.swift */,
				0A9B2829210C968700FA638A /* XHMessageCell.swift */,
				0A296756210D560D00F28069 /* XHMessageHeader.swift */,
				0A296758210DE9F100F28069 /* UIResponder+UIMenuController.swift */,
				0A382C84210EE65A00E748E5 /* XHMessageTranspondable.swift */,
				0A382C86210EE7EC00E748E5 /* XHFriendSelectController.swift */,
			);
			path = Mainframe;
			sourceTree = "<group>";
		};
		0A05487120FC69FC00EE80AF /* Discover */ = {
			isa = PBXGroup;
			children = (
				0A05487820FC6A8C00EE80AF /* XHDiscoverController.swift */,
			);
			path = Discover;
			sourceTree = "<group>";
		};
		0A05487220FC6A0D00EE80AF /* Me */ = {
			isa = PBXGroup;
			children = (
				0A05487A20FC6A9600EE80AF /* XHMeController.swift */,
				0A0611E320FDB86900F856F2 /* XHUser.swift */,
			);
			path = Me;
			sourceTree = "<group>";
		};
		0A05487320FC6A1900EE80AF /* Contacts */ = {
			isa = PBXGroup;
			children = (
				0A05487620FC6A7B00EE80AF /* XHContactsController.swift */,
			);
			path = Contacts;
			sourceTree = "<group>";
		};
		0A0562AC20F4527D00FA1531 /* Login&Regist */ = {
			isa = PBXGroup;
			children = (
				0A0562AD20F452B800FA1531 /* XHLoginViewController.swift */,
			);
			path = "Login&Regist";
			sourceTree = "<group>";
		};
		0A0562AF20F45BCE00FA1531 /* UI */ = {
			isa = PBXGroup;
			children = (
				0A05487220FC6A0D00EE80AF /* Me */,
				0A05487120FC69FC00EE80AF /* Discover */,
				0A05487320FC6A1900EE80AF /* Contacts */,
				0A05487020FC69EE00EE80AF /* Mainframe */,
				0AADEB8E20F6FB0C00E96757 /* Country&Area */,
				0A0562AC20F4527D00FA1531 /* Login&Regist */,
				0A1405DF20F2F715009A6874 /* RootWindow */,
			);
			path = UI;
			sourceTree = "<group>";
		};
		0A0562B020F45BE400FA1531 /* Secrecy */ = {
			isa = PBXGroup;
			children = (
				0A0562B120F45C4300FA1531 /* RSA.swift */,
			);
			path = Secrecy;
			sourceTree = "<group>";
		};
		0A0611DB20FD842C00F856F2 /* Localization */ = {
			isa = PBXGroup;
			children = (
				0A0611E020FD848200F856F2 /* Localizable.strings */,
			);
			path = Localization;
			sourceTree = "<group>";
		};
		0A1405C120F2F515009A6874 = {
			isa = PBXGroup;
			children = (
				0A1405CC20F2F515009A6874 /* WeChat */,
				0A1405CB20F2F515009A6874 /* Products */,
				7E2ED28F0624BBD4268AA227 /* Pods */,
				440B13958EBF76DEBFD26F16 /* Frameworks */,
			);
			sourceTree = "<group>";
		};
		0A1405CB20F2F515009A6874 /* Products */ = {
			isa = PBXGroup;
			children = (
				0A1405CA20F2F515009A6874 /* WeChat.app */,
			);
			name = Products;
			sourceTree = "<group>";
		};
		0A1405CC20F2F515009A6874 /* WeChat */ = {
			isa = PBXGroup;
			children = (
				0A0611EB20FDE29D00F856F2 /* WeChat.entitlements */,
				0A382C8C210F05A800E748E5 /* Resource */,
				0A0611DB20FD842C00F856F2 /* Localization */,
				0A1405E220F2FCF4009A6874 /* Tools */,
				0A1405E720F303D9009A6874 /* Extension */,
				0A0562AF20F45BCE00FA1531 /* UI */,
				0A1405CD20F2F515009A6874 /* AppDelegate.swift */,
				0A04CC3C20F5AE6B00C25145 /* Assets.xcassets */,
				0A1405D920F2F516009A6874 /* Info.plist */,
			);
			path = WeChat;
			sourceTree = "<group>";
		};
		0A1405DF20F2F715009A6874 /* RootWindow */ = {
			isa = PBXGroup;
			children = (
				0A1405E020F2F73A009A6874 /* XHWindow.swift */,
				0A04CC3E20F5B11100C25145 /* XHRootViewController.swift */,
				0A1405E320F2FD27009A6874 /* XHTabBarController.swift */,
				0A04CC4620F5FFA500C25145 /* XHNavigationController.swift */,
			);
			path = RootWindow;
			sourceTree = "<group>";
		};
		0A1405E220F2FCF4009A6874 /* Tools */ = {
			isa = PBXGroup;
			children = (
				0AC6E5C921426B0900B967E6 /* XHImagePicker */,
				0A382C8F210F0AE800E748E5 /* PlistManager */,
				0A04CC4320F5E59200C25145 /* Database */,
				0A04CC4020F5E0AA00C25145 /* XHConfig */,
				0A0562B020F45BE400FA1531 /* Secrecy */,
			);
			path = Tools;
			sourceTree = "<group>";
		};
		0A1405E720F303D9009A6874 /* Extension */ = {
			isa = PBXGroup;
			children = (
				0ADE55D62126507A0030FA7F /* XHLabel.swift */,
				0A1405E820F30401009A6874 /* UIColor+Hex.swift */,
				0AADEB9120F73CBE00E96757 /* UIImage+Color.swift */,
				0A0611E720FDC98400F856F2 /* Date+Adjust.swift */,
				0A9B282B210CB99000FA638A /* UITableView+Update.swift */,
				0A382C8A210EFD5900E748E5 /* String+RegularExpression.swift */,
			);
			path = Extension;
			sourceTree = "<group>";
		};
		0A382C8C210F05A800E748E5 /* Resource */ = {
			isa = PBXGroup;
			children = (
				0A382C92210F13BD00E748E5 /* Emotions.plist */,
			);
			path = Resource;
			sourceTree = "<group>";
		};
		0A382C8F210F0AE800E748E5 /* PlistManager */ = {
			isa = PBXGroup;
			children = (
				0A382C90210F0B0C00E748E5 /* XHPlistManager.swift */,
			);
			path = PlistManager;
			sourceTree = "<group>";
		};
		0AADEB8E20F6FB0C00E96757 /* Country&Area */ = {
			isa = PBXGroup;
			children = (
				0AADEB8F20F6FB4F00E96757 /* XHAreaViewController.swift */,
			);
			path = "Country&Area";
			sourceTree = "<group>";
		};
		0AC6E5C921426B0900B967E6 /* XHImagePicker */ = {
			isa = PBXGroup;
			children = (
				0AC6E5CA21426BB000B967E6 /* XHImagePickerController.swift */,
				0A9588272143F738002087D6 /* XHZoomableImageView.swift */,
				0AF0355A214609A100BE0255 /* XHImageEditController.swift */,
				0AF0355C2146117400BE0255 /* XHNavigationBar.swift */,
			);
			path = XHImagePicker;
			sourceTree = "<group>";
		};
		440B13958EBF76DEBFD26F16 /* Frameworks */ = {
			isa = PBXGroup;
			children = (
				0A0611EC20FDE29D00F856F2 /* HealthKit.framework */,
				EBA685CC0C732FD9D5AC8BB0 /* Pods_WeChat.framework */,
			);
			name = Frameworks;
			sourceTree = "<group>";
		};
		7E2ED28F0624BBD4268AA227 /* Pods */ = {
			isa = PBXGroup;
			children = (
				B82088520B7EEB4D69F4D296 /* Pods-WeChat.debug.xcconfig */,
				53BCCA3007630655F005EA2E /* Pods-WeChat.release.xcconfig */,
			);
			name = Pods;
			sourceTree = "<group>";
		};
/* End PBXGroup section */

/* Begin PBXNativeTarget section */
		0A1405C920F2F515009A6874 /* WeChat */ = {
			isa = PBXNativeTarget;
			buildConfigurationList = 0A1405DC20F2F516009A6874 /* Build configuration list for PBXNativeTarget "WeChat" */;
			buildPhases = (
				6426C74D737A10B0213E018D /* [CP] Check Pods Manifest.lock */,
				0A1405C620F2F515009A6874 /* Sources */,
				0A1405C720F2F515009A6874 /* Frameworks */,
				0A1405C820F2F515009A6874 /* Resources */,
				B408E4AEAAFD9E1E5536A15B /* [CP] Embed Pods Frameworks */,
			);
			buildRules = (
			);
			dependencies = (
			);
			name = WeChat;
			productName = WeChat;
			productReference = 0A1405CA20F2F515009A6874 /* WeChat.app */;
			productType = "com.apple.product-type.application";
		};
/* End PBXNativeTarget section */

/* Begin PBXProject section */
		0A1405C220F2F515009A6874 /* Project object */ = {
			isa = PBXProject;
			attributes = {
				LastSwiftUpdateCheck = 0940;
				LastUpgradeCheck = 0940;
				ORGANIZATIONNAME = Li;
				TargetAttributes = {
					0A1405C920F2F515009A6874 = {
						CreatedOnToolsVersion = 9.4.1;
						SystemCapabilities = {
							com.apple.BackgroundModes = {
								enabled = 1;
							};
							com.apple.HealthKit = {
								enabled = 1;
							};
						};
					};
				};
			};
			buildConfigurationList = 0A1405C520F2F515009A6874 /* Build configuration list for PBXProject "WeChat" */;
			compatibilityVersion = "Xcode 9.3";
			developmentRegion = en;
			hasScannedForEncodings = 0;
			knownRegions = (
				en,
			);
			mainGroup = 0A1405C120F2F515009A6874;
			productRefGroup = 0A1405CB20F2F515009A6874 /* Products */;
			projectDirPath = "";
			projectRoot = "";
			targets = (
				0A1405C920F2F515009A6874 /* WeChat */,
			);
		};
/* End PBXProject section */

/* Begin PBXResourcesBuildPhase section */
		0A1405C820F2F515009A6874 /* Resources */ = {
			isa = PBXResourcesBuildPhase;
			buildActionMask = 2147483647;
			files = (
				0A382C93210F13BD00E748E5 /* Emotions.plist in Resources */,
				0A04CC3D20F5AE6B00C25145 /* Assets.xcassets in Resources */,
				0A0611DE20FD848200F856F2 /* Localizable.strings in Resources */,
			);
			runOnlyForDeploymentPostprocessing = 0;
		};
/* End PBXResourcesBuildPhase section */

/* Begin PBXShellScriptBuildPhase section */
		6426C74D737A10B0213E018D /* [CP] Check Pods Manifest.lock */ = {
			isa = PBXShellScriptBuildPhase;
			buildActionMask = 2147483647;
			files = (
			);
			inputPaths = (
				"${PODS_PODFILE_DIR_PATH}/Podfile.lock",
				"${PODS_ROOT}/Manifest.lock",
			);
			name = "[CP] Check Pods Manifest.lock";
			outputPaths = (
				"$(DERIVED_FILE_DIR)/Pods-WeChat-checkManifestLockResult.txt",
			);
			runOnlyForDeploymentPostprocessing = 0;
			shellPath = /bin/sh;
			shellScript = "diff \"${PODS_PODFILE_DIR_PATH}/Podfile.lock\" \"${PODS_ROOT}/Manifest.lock\" > /dev/null\nif [ $? != 0 ] ; then\n    # print error to STDERR\n    echo \"error: The sandbox is not in sync with the Podfile.lock. Run 'pod install' or update your CocoaPods installation.\" >&2\n    exit 1\nfi\n# This output is used by Xcode 'outputs' to avoid re-running this script phase.\necho \"SUCCESS\" > \"${SCRIPT_OUTPUT_FILE_0}\"\n";
			showEnvVarsInLog = 0;
		};
		B408E4AEAAFD9E1E5536A15B /* [CP] Embed Pods Frameworks */ = {
			isa = PBXShellScriptBuildPhase;
			buildActionMask = 2147483647;
			files = (
			);
			inputPaths = (
				"${SRCROOT}/Pods/Target Support Files/Pods-WeChat/Pods-WeChat-frameworks.sh",
				"${BUILT_PRODUCTS_DIR}/FMDB/FMDB.framework",
			);
			name = "[CP] Embed Pods Frameworks";
			outputPaths = (
				"${TARGET_BUILD_DIR}/${FRAMEWORKS_FOLDER_PATH}/FMDB.framework",
			);
			runOnlyForDeploymentPostprocessing = 0;
			shellPath = /bin/sh;
			shellScript = "\"${SRCROOT}/Pods/Target Support Files/Pods-WeChat/Pods-WeChat-frameworks.sh\"\n";
			showEnvVarsInLog = 0;
		};
/* End PBXShellScriptBuildPhase section */

/* Begin PBXSourcesBuildPhase section */
		0A1405C620F2F515009A6874 /* Sources */ = {
			isa = PBXSourcesBuildPhase;
			buildActionMask = 2147483647;
			files = (
				0A1405CE20F2F515009A6874 /* AppDelegate.swift in Sources */,
				0A9B282A210C968700FA638A /* XHMessageCell.swift in Sources */,
				0A1405E120F2F73A009A6874 /* XHWindow.swift in Sources */,
				0AF0355D2146117400BE0255 /* XHNavigationBar.swift in Sources */,
				0AF0355B214609A100BE0255 /* XHImageEditController.swift in Sources */,
				0AADEB9020F6FB4F00E96757 /* XHAreaViewController.swift in Sources */,
				0A0328A220FF0ADE00BE625F /* XHChatViewController.swift in Sources */,
				0AC6E5CB21426BB000B967E6 /* XHImagePickerController.swift in Sources */,
				0A23647621081C4200FF69F7 /* XHChatBarKeyboard.swift in Sources */,
				0A0611E220FDAD7300F856F2 /* XHCommunication.swift in Sources */,
				0A9588282143F738002087D6 /* XHZoomableImageView.swift in Sources */,
				0A04CC3F20F5B11100C25145 /* XHRootViewController.swift in Sources */,
				0A9B282C210CB99000FA638A /* UITableView+Update.swift in Sources */,
				0A05487720FC6A7B00EE80AF /* XHContactsController.swift in Sources */,
				0A05487B20FC6A9600EE80AF /* XHMeController.swift in Sources */,
				0A05487920FC6A8C00EE80AF /* XHDiscoverController.swift in Sources */,
				0A0611E820FDC98400F856F2 /* Date+Adjust.swift in Sources */,
				0A04CC4720F5FFA500C25145 /* XHNavigationController.swift in Sources */,
				0AADEB9220F73CBE00E96757 /* UIImage+Color.swift in Sources */,
				0A28E3B62109AE900063B5DB /* XHRecordStateView.swift in Sources */,
				0A09E91B2101DB4E000CD2DC /* XHKeyboardObserver.swift in Sources */,
				0A0611EA20FDD4D500F856F2 /* XHMessageCollection.swift in Sources */,
				0A0611E420FDB86900F856F2 /* XHUser.swift in Sources */,
				0A0562B220F45C4300FA1531 /* RSA.swift in Sources */,
				0A382C8B210EFD5900E748E5 /* String+RegularExpression.swift in Sources */,
				0A05487520FC6A5D00EE80AF /* XHMainframeController.swift in Sources */,
				0A382C91210F0B0C00E748E5 /* XHPlistManager.swift in Sources */,
				0A296759210DE9F100F28069 /* UIResponder+UIMenuController.swift in Sources */,
				0A0562AE20F452B800FA1531 /* XHLoginViewController.swift in Sources */,
				0A1405E420F2FD27009A6874 /* XHTabBarController.swift in Sources */,
				0A1405E920F30401009A6874 /* UIColor+Hex.swift in Sources */,
				0A0328A620FF1E3300BE625F /* XHChatBar.swift in Sources */,
				0A0611E620FDB89800F856F2 /* XHMessage.swift in Sources */,
				0A04CC4520F5E5BD00C25145 /* XHDatabase.swift in Sources */,
				0A296757210D560D00F28069 /* XHMessageHeader.swift in Sources */,
				0ADE55D72126507A0030FA7F /* XHLabel.swift in Sources */,
				0A382C87210EE7EC00E748E5 /* XHFriendSelectController.swift in Sources */,
				0A23647821084A7E00FF69F7 /* XHAudioManager.swift in Sources */,
				0A382C85210EE65A00E748E5 /* XHMessageTranspondable.swift in Sources */,
				0A0328A020FEC80700BE625F /* XHBadgeView.swift in Sources */,
				0A04CC4220F5E0FC00C25145 /* XHConfig.swift in Sources */,
			);
			runOnlyForDeploymentPostprocessing = 0;
		};
/* End PBXSourcesBuildPhase section */

/* Begin PBXVariantGroup section */
		0A0611E020FD848200F856F2 /* Localizable.strings */ = {
			isa = PBXVariantGroup;
			children = (
				0A0611DF20FD848200F856F2 /* zh-Hans */,
			);
			name = Localizable.strings;
			sourceTree = "<group>";
		};
/* End PBXVariantGroup section */

/* Begin XCBuildConfiguration section */
		0A1405DA20F2F516009A6874 /* Debug */ = {
			isa = XCBuildConfiguration;
			buildSettings = {
				ALWAYS_SEARCH_USER_PATHS = NO;
				CLANG_ANALYZER_LOCALIZABILITY_NONLOCALIZED = YES;
				CLANG_ANALYZER_NONNULL = YES;
				CLANG_ANALYZER_NUMBER_OBJECT_CONVERSION = YES_AGGRESSIVE;
				CLANG_CXX_LANGUAGE_STANDARD = "gnu++14";
				CLANG_CXX_LIBRARY = "libc++";
				CLANG_ENABLE_MODULES = YES;
				CLANG_ENABLE_OBJC_ARC = YES;
				CLANG_ENABLE_OBJC_WEAK = YES;
				CLANG_WARN_BLOCK_CAPTURE_AUTORELEASING = YES;
				CLANG_WARN_BOOL_CONVERSION = YES;
				CLANG_WARN_COMMA = YES;
				CLANG_WARN_CONSTANT_CONVERSION = YES;
				CLANG_WARN_DEPRECATED_OBJC_IMPLEMENTATIONS = YES;
				CLANG_WARN_DIRECT_OBJC_ISA_USAGE = YES_ERROR;
				CLANG_WARN_DOCUMENTATION_COMMENTS = YES;
				CLANG_WARN_EMPTY_BODY = YES;
				CLANG_WARN_ENUM_CONVERSION = YES;
				CLANG_WARN_INFINITE_RECURSION = YES;
				CLANG_WARN_INT_CONVERSION = YES;
				CLANG_WARN_NON_LITERAL_NULL_CONVERSION = YES;
				CLANG_WARN_OBJC_IMPLICIT_RETAIN_SELF = YES;
				CLANG_WARN_OBJC_LITERAL_CONVERSION = YES;
				CLANG_WARN_OBJC_ROOT_CLASS = YES_ERROR;
				CLANG_WARN_RANGE_LOOP_ANALYSIS = YES;
				CLANG_WARN_STRICT_PROTOTYPES = YES;
				CLANG_WARN_SUSPICIOUS_MOVE = YES;
				CLANG_WARN_UNGUARDED_AVAILABILITY = YES_AGGRESSIVE;
				CLANG_WARN_UNREACHABLE_CODE = YES;
				CLANG_WARN__DUPLICATE_METHOD_MATCH = YES;
				CODE_SIGN_IDENTITY = "iPhone Developer";
				COPY_PHASE_STRIP = NO;
				DEBUG_INFORMATION_FORMAT = dwarf;
				ENABLE_STRICT_OBJC_MSGSEND = YES;
				ENABLE_TESTABILITY = YES;
				GCC_C_LANGUAGE_STANDARD = gnu11;
				GCC_DYNAMIC_NO_PIC = NO;
				GCC_NO_COMMON_BLOCKS = YES;
				GCC_OPTIMIZATION_LEVEL = 0;
				GCC_PREPROCESSOR_DEFINITIONS = (
					"DEBUG=1",
					"$(inherited)",
				);
				GCC_WARN_64_TO_32_BIT_CONVERSION = YES;
				GCC_WARN_ABOUT_RETURN_TYPE = YES_ERROR;
				GCC_WARN_UNDECLARED_SELECTOR = YES;
				GCC_WARN_UNINITIALIZED_AUTOS = YES_AGGRESSIVE;
				GCC_WARN_UNUSED_FUNCTION = YES;
				GCC_WARN_UNUSED_VARIABLE = YES;
				IPHONEOS_DEPLOYMENT_TARGET = 9.0;
				MTL_ENABLE_DEBUG_INFO = YES;
				ONLY_ACTIVE_ARCH = YES;
				SDKROOT = iphoneos;
				SWIFT_ACTIVE_COMPILATION_CONDITIONS = DEBUG;
				SWIFT_OPTIMIZATION_LEVEL = "-Onone";
			};
			name = Debug;
		};
		0A1405DB20F2F516009A6874 /* Release */ = {
			isa = XCBuildConfiguration;
			buildSettings = {
				ALWAYS_SEARCH_USER_PATHS = NO;
				CLANG_ANALYZER_LOCALIZABILITY_NONLOCALIZED = YES;
				CLANG_ANALYZER_NONNULL = YES;
				CLANG_ANALYZER_NUMBER_OBJECT_CONVERSION = YES_AGGRESSIVE;
				CLANG_CXX_LANGUAGE_STANDARD = "gnu++14";
				CLANG_CXX_LIBRARY = "libc++";
				CLANG_ENABLE_MODULES = YES;
				CLANG_ENABLE_OBJC_ARC = YES;
				CLANG_ENABLE_OBJC_WEAK = YES;
				CLANG_WARN_BLOCK_CAPTURE_AUTORELEASING = YES;
				CLANG_WARN_BOOL_CONVERSION = YES;
				CLANG_WARN_COMMA = YES;
				CLANG_WARN_CONSTANT_CONVERSION = YES;
				CLANG_WARN_DEPRECATED_OBJC_IMPLEMENTATIONS = YES;
				CLANG_WARN_DIRECT_OBJC_ISA_USAGE = YES_ERROR;
				CLANG_WARN_DOCUMENTATION_COMMENTS = YES;
				CLANG_WARN_EMPTY_BODY = YES;
				CLANG_WARN_ENUM_CONVERSION = YES;
				CLANG_WARN_INFINITE_RECURSION = YES;
				CLANG_WARN_INT_CONVERSION = YES;
				CLANG_WARN_NON_LITERAL_NULL_CONVERSION = YES;
				CLANG_WARN_OBJC_IMPLICIT_RETAIN_SELF = YES;
				CLANG_WARN_OBJC_LITERAL_CONVERSION = YES;
				CLANG_WARN_OBJC_ROOT_CLASS = YES_ERROR;
				CLANG_WARN_RANGE_LOOP_ANALYSIS = YES;
				CLANG_WARN_STRICT_PROTOTYPES = YES;
				CLANG_WARN_SUSPICIOUS_MOVE = YES;
				CLANG_WARN_UNGUARDED_AVAILABILITY = YES_AGGRESSIVE;
				CLANG_WARN_UNREACHABLE_CODE = YES;
				CLANG_WARN__DUPLICATE_METHOD_MATCH = YES;
				CODE_SIGN_IDENTITY = "iPhone Developer";
				COPY_PHASE_STRIP = NO;
				DEBUG_INFORMATION_FORMAT = "dwarf-with-dsym";
				ENABLE_NS_ASSERTIONS = NO;
				ENABLE_STRICT_OBJC_MSGSEND = YES;
				GCC_C_LANGUAGE_STANDARD = gnu11;
				GCC_NO_COMMON_BLOCKS = YES;
				GCC_WARN_64_TO_32_BIT_CONVERSION = YES;
				GCC_WARN_ABOUT_RETURN_TYPE = YES_ERROR;
				GCC_WARN_UNDECLARED_SELECTOR = YES;
				GCC_WARN_UNINITIALIZED_AUTOS = YES_AGGRESSIVE;
				GCC_WARN_UNUSED_FUNCTION = YES;
				GCC_WARN_UNUSED_VARIABLE = YES;
				IPHONEOS_DEPLOYMENT_TARGET = 9.0;
				MTL_ENABLE_DEBUG_INFO = NO;
				SDKROOT = iphoneos;
				SWIFT_COMPILATION_MODE = wholemodule;
				SWIFT_OPTIMIZATION_LEVEL = "-O";
				VALIDATE_PRODUCT = YES;
			};
			name = Release;
		};
		0A1405DD20F2F516009A6874 /* Debug */ = {
			isa = XCBuildConfiguration;
			baseConfigurationReference = B82088520B7EEB4D69F4D296 /* Pods-WeChat.debug.xcconfig */;
			buildSettings = {
				ASSETCATALOG_COMPILER_APPICON_NAME = AppIcon;
				ASSETCATALOG_COMPILER_LAUNCHIMAGE_NAME = LaunchImage;
				CODE_SIGN_ENTITLEMENTS = WeChat/WeChat.entitlements;
				CODE_SIGN_STYLE = Automatic;
				DEVELOPMENT_TEAM = U89WA2RHZ6;
				INFOPLIST_FILE = WeChat/Info.plist;
				IPHONEOS_DEPLOYMENT_TARGET = 9.0;
				LD_RUNPATH_SEARCH_PATHS = (
					"$(inherited)",
					"@executable_path/Frameworks",
				);
				PRODUCT_BUNDLE_IDENTIFIER = com.Personal.WeChat;
				PRODUCT_NAME = "$(TARGET_NAME)";
				SWIFT_VERSION = 4.0;
				TARGETED_DEVICE_FAMILY = 1;
			};
			name = Debug;
		};
		0A1405DE20F2F516009A6874 /* Release */ = {
			isa = XCBuildConfiguration;
			baseConfigurationReference = 53BCCA3007630655F005EA2E /* Pods-WeChat.release.xcconfig */;
			buildSettings = {
				ASSETCATALOG_COMPILER_APPICON_NAME = AppIcon;
				ASSETCATALOG_COMPILER_LAUNCHIMAGE_NAME = LaunchImage;
				CODE_SIGN_ENTITLEMENTS = WeChat/WeChat.entitlements;
				CODE_SIGN_STYLE = Automatic;
				DEVELOPMENT_TEAM = U89WA2RHZ6;
				INFOPLIST_FILE = WeChat/Info.plist;
				IPHONEOS_DEPLOYMENT_TARGET = 9.0;
				LD_RUNPATH_SEARCH_PATHS = (
					"$(inherited)",
					"@executable_path/Frameworks",
				);
				PRODUCT_BUNDLE_IDENTIFIER = com.Personal.WeChat;
				PRODUCT_NAME = "$(TARGET_NAME)";
				SWIFT_VERSION = 4.0;
				TARGETED_DEVICE_FAMILY = 1;
			};
			name = Release;
		};
/* End XCBuildConfiguration section */

/* Begin XCConfigurationList section */
		0A1405C520F2F515009A6874 /* Build configuration list for PBXProject "WeChat" */ = {
			isa = XCConfigurationList;
			buildConfigurations = (
				0A1405DA20F2F516009A6874 /* Debug */,
				0A1405DB20F2F516009A6874 /* Release */,
			);
			defaultConfigurationIsVisible = 0;
			defaultConfigurationName = Release;
		};
		0A1405DC20F2F516009A6874 /* Build configuration list for PBXNativeTarget "WeChat" */ = {
			isa = XCConfigurationList;
			buildConfigurations = (
				0A1405DD20F2F516009A6874 /* Debug */,
				0A1405DE20F2F516009A6874 /* Release */,
			);
			defaultConfigurationIsVisible = 0;
			defaultConfigurationName = Release;
		};
/* End XCConfigurationList section */
	};
	rootObject = 0A1405C220F2F515009A6874 /* Project object */;
}
